
Microsoft Visual Studio Solution File, Format Version 12.00
# Visual Studio 15
VisualStudioVersion = 15.0.28307.1169
MinimumVisualStudioVersion = 10.0.40219.1
Project("{9A19103F-16F7-4668-BE54-9A1E7A4F7556}") = "ApiExamen", "ApiExamen.csproj", "{B2EEE748-09BF-4AFF-8091-D7AF2F2148C1}"
EndProject
Global
	GlobalSection(SolutionConfigurationPlatforms) = preSolution
		Debug|Any CPU = Debug|Any CPU
		Release|Any CPU = Release|Any CPU
	EndGlobalSection
	GlobalSection(ProjectConfigurationPlatforms) = postSolution
		{B2EEE748-09BF-4AFF-8091-D7AF2F2148C1}.Debug|Any CPU.ActiveCfg = Debug|Any CPU
		{B2EEE748-09BF-4AFF-8091-D7AF2F2148C1}.Debug|Any CPU.Build.0 = Debug|Any CPU
		{B2EEE748-09BF-4AFF-8091-D7AF2F2148C1}.Release|Any CPU.ActiveCfg = Release|Any CPU
		{B2EEE748-09BF-4AFF-8091-D7AF2F2148C1}.Release|Any CPU.Build.0 = Release|Any CPU
	EndGlobalSection
	GlobalSection(SolutionProperties) = preSolution
		HideSolutionNode = FALSE
	EndGlobalSection
	GlobalSection(ExtensibilityGlobals) = postSolution
		SolutionGuid = {F7312E06-5AD7-41F9-8683-B7FBDB7C9227}
	EndGlobalSection
EndGlobal
